
Microsoft Visual Studio Solution File, Format Version 12.00
# Visual Studio 14
VisualStudioVersion = 14.0.23107.0
MinimumVisualStudioVersion = 10.0.40219.1
Project("{FAE04EC0-301F-11D3-BF4B-00C04F79EFBC}") = "SampleProject", "SampleProject\SampleProject.csproj", "{7207864B-2C6D-4DFF-A88A-851D96D0D6B8}"
EndProject
Project("{2150E333-8FDC-42A3-9474-1A3956D46DE8}") = "Model", "Model", "{52503B8A-65E6-41E3-8FFB-D367154605BF}"
EndProject
Project("{2150E333-8FDC-42A3-9474-1A3956D46DE8}") = "DAL", "DAL", "{FBA20B27-C234-49A7-822B-8DB5057FE92C}"
EndProject
Project("{2150E333-8FDC-42A3-9474-1A3956D46DE8}") = "Core", "Core", "{52C6D62A-6D94-4420-B77F-FA839F0CFF74}"
EndProject
Project("{2150E333-8FDC-42A3-9474-1A3956D46DE8}") = "BL", "BL", "{E2A35EA8-4949-4CD6-9057-A7EB0B650ED9}"
EndProject
Project("{2150E333-8FDC-42A3-9474-1A3956D46DE8}") = "Utilities", "Utilities", "{2B8DFA5D-45DB-415C-95C8-54A2C15E1AEF}"
EndProject
Project("{FAE04EC0-301F-11D3-BF4B-00C04F79EFBC}") = "Project.Model", "Project.Model\Project.Model.csproj", "{870D6473-BC40-44A7-9197-EB9272B835EF}"
EndProject
Project("{FAE04EC0-301F-11D3-BF4B-00C04F79EFBC}") = "Project.DAL", "Project.DAL\Project.DAL.csproj", "{DA83F22A-2D4B-4E2E-AB62-DD61378A4DA9}"
EndProject
Project("{FAE04EC0-301F-11D3-BF4B-00C04F79EFBC}") = "Project.Core", "Project.Core\Project.Core.csproj", "{7804C193-746E-4E02-B412-9FBFB5FB2644}"
EndProject
Project("{FAE04EC0-301F-11D3-BF4B-00C04F79EFBC}") = "Project.BL", "Project.BL\Project.BL.csproj", "{B9E8C674-1DE2-4EB1-A6AC-241C0E556C84}"
EndProject
Project("{FAE04EC0-301F-11D3-BF4B-00C04F79EFBC}") = "Project.Utilities", "Project.Utilities\Project.Utilities.csproj", "{F1207052-E69E-4490-B750-6F0AF1C859D3}"
EndProject
Project("{2150E333-8FDC-42A3-9474-1A3956D46DE8}") = "DTO", "DTO", "{4EE74D89-1156-41C3-9467-E61351CCF105}"
EndProject
Project("{FAE04EC0-301F-11D3-BF4B-00C04F79EFBC}") = "SampleProject.DTO", "SampleProject.DTO\SampleProject.DTO.csproj", "{26E629FC-99A0-4E39-97C2-910D6161DC75}"
EndProject
Global
	GlobalSection(SolutionConfigurationPlatforms) = preSolution
		Debug|Any CPU = Debug|Any CPU
		Release|Any CPU = Release|Any CPU
	EndGlobalSection
	GlobalSection(ProjectConfigurationPlatforms) = postSolution
		{7207864B-2C6D-4DFF-A88A-851D96D0D6B8}.Debug|Any CPU.ActiveCfg = Debug|Any CPU
		{7207864B-2C6D-4DFF-A88A-851D96D0D6B8}.Debug|Any CPU.Build.0 = Debug|Any CPU
		{7207864B-2C6D-4DFF-A88A-851D96D0D6B8}.Release|Any CPU.ActiveCfg = Release|Any CPU
		{7207864B-2C6D-4DFF-A88A-851D96D0D6B8}.Release|Any CPU.Build.0 = Release|Any CPU
		{870D6473-BC40-44A7-9197-EB9272B835EF}.Debug|Any CPU.ActiveCfg = Debug|Any CPU
		{870D6473-BC40-44A7-9197-EB9272B835EF}.Debug|Any CPU.Build.0 = Debug|Any CPU
		{870D6473-BC40-44A7-9197-EB9272B835EF}.Release|Any CPU.ActiveCfg = Release|Any CPU
		{870D6473-BC40-44A7-9197-EB9272B835EF}.Release|Any CPU.Build.0 = Release|Any CPU
		{DA83F22A-2D4B-4E2E-AB62-DD61378A4DA9}.Debug|Any CPU.ActiveCfg = Debug|Any CPU
		{DA83F22A-2D4B-4E2E-AB62-DD61378A4DA9}.Debug|Any CPU.Build.0 = Debug|Any CPU
		{DA83F22A-2D4B-4E2E-AB62-DD61378A4DA9}.Release|Any CPU.ActiveCfg = Release|Any CPU
		{DA83F22A-2D4B-4E2E-AB62-DD61378A4DA9}.Release|Any CPU.Build.0 = Release|Any CPU
		{7804C193-746E-4E02-B412-9FBFB5FB2644}.Debug|Any CPU.ActiveCfg = Debug|Any CPU
		{7804C193-746E-4E02-B412-9FBFB5FB2644}.Debug|Any CPU.Build.0 = Debug|Any CPU
		{7804C193-746E-4E02-B412-9FBFB5FB2644}.Release|Any CPU.ActiveCfg = Release|Any CPU
		{7804C193-746E-4E02-B412-9FBFB5FB2644}.Release|Any CPU.Build.0 = Release|Any CPU
		{B9E8C674-1DE2-4EB1-A6AC-241C0E556C84}.Debug|Any CPU.ActiveCfg = Debug|Any CPU
		{B9E8C674-1DE2-4EB1-A6AC-241C0E556C84}.Debug|Any CPU.Build.0 = Debug|Any CPU
		{B9E8C674-1DE2-4EB1-A6AC-241C0E556C84}.Release|Any CPU.ActiveCfg = Release|Any CPU
		{B9E8C674-1DE2-4EB1-A6AC-241C0E556C84}.Release|Any CPU.Build.0 = Release|Any CPU
		{F1207052-E69E-4490-B750-6F0AF1C859D3}.Debug|Any CPU.ActiveCfg = Debug|Any CPU
		{F1207052-E69E-4490-B750-6F0AF1C859D3}.Debug|Any CPU.Build.0 = Debug|Any CPU
		{F1207052-E69E-4490-B750-6F0AF1C859D3}.Release|Any CPU.ActiveCfg = Release|Any CPU
		{F1207052-E69E-4490-B750-6F0AF1C859D3}.Release|Any CPU.Build.0 = Release|Any CPU
		{26E629FC-99A0-4E39-97C2-910D6161DC75}.Debug|Any CPU.ActiveCfg = Debug|Any CPU
		{26E629FC-99A0-4E39-97C2-910D6161DC75}.Debug|Any CPU.Build.0 = Debug|Any CPU
		{26E629FC-99A0-4E39-97C2-910D6161DC75}.Release|Any CPU.ActiveCfg = Release|Any CPU
		{26E629FC-99A0-4E39-97C2-910D6161DC75}.Release|Any CPU.Build.0 = Release|Any CPU
	EndGlobalSection
	GlobalSection(SolutionProperties) = preSolution
		HideSolutionNode = FALSE
	EndGlobalSection
	GlobalSection(NestedProjects) = preSolution
		{870D6473-BC40-44A7-9197-EB9272B835EF} = {52503B8A-65E6-41E3-8FFB-D367154605BF}
		{DA83F22A-2D4B-4E2E-AB62-DD61378A4DA9} = {FBA20B27-C234-49A7-822B-8DB5057FE92C}
		{7804C193-746E-4E02-B412-9FBFB5FB2644} = {52C6D62A-6D94-4420-B77F-FA839F0CFF74}
		{B9E8C674-1DE2-4EB1-A6AC-241C0E556C84} = {E2A35EA8-4949-4CD6-9057-A7EB0B650ED9}
		{F1207052-E69E-4490-B750-6F0AF1C859D3} = {2B8DFA5D-45DB-415C-95C8-54A2C15E1AEF}
		{26E629FC-99A0-4E39-97C2-910D6161DC75} = {4EE74D89-1156-41C3-9467-E61351CCF105}
	EndGlobalSection
EndGlobal
